
Microsoft Visual Studio Solution File, Format Version 12.00
# Visual Studio Version 16
VisualStudioVersion = 16.0.30128.74
MinimumVisualStudioVersion = 10.0.40219.1
Project("{FAE04EC0-301F-11D3-BF4B-00C04F79EFBC}") = "Jedi Mind Tricks", "Jedi Mind Tricks\Jedi Mind Tricks.csproj", "{FAB94D8D-E693-4B44-84E9-7550D71E4515}"
EndProject
Global
	GlobalSection(SolutionConfigurationPlatforms) = preSolution
		Debug|Any CPU = Debug|Any CPU
		Release|Any CPU = Release|Any CPU
	EndGlobalSection
	GlobalSection(ProjectConfigurationPlatforms) = postSolution
		{FAB94D8D-E693-4B44-84E9-7550D71E4515}.Debug|Any CPU.ActiveCfg = Debug|Any CPU
		{FAB94D8D-E693-4B44-84E9-7550D71E4515}.Debug|Any CPU.Build.0 = Debug|Any CPU
		{FAB94D8D-E693-4B44-84E9-7550D71E4515}.Release|Any CPU.ActiveCfg = Release|Any CPU
		{FAB94D8D-E693-4B44-84E9-7550D71E4515}.Release|Any CPU.Build.0 = Release|Any CPU
	EndGlobalSection
	GlobalSection(SolutionProperties) = preSolution
		HideSolutionNode = FALSE
	EndGlobalSection
	GlobalSection(ExtensibilityGlobals) = postSolution
		SolutionGuid = {04D59FBA-10CB-4CE6-AE0E-E5BBEF828320}
	EndGlobalSection
EndGlobal
